<Solution>
  <Configurations>
    <Platform Name="Any CPU" />
    <Platform Name="x64" />
    <Platform Name="x86" />
  </Configurations>
  <Project Path="AiDevs.AppHost\AiDevs.AppHost.csproj" Type="Classic C#">
  </Project>
  <Project Path="AiDevs.ServiceDefaults\AiDevs.ServiceDefaults.csproj" Type="Classic C#">
  </Project>
  <Project Path="AiDevs2\AiDevs2-szkolenie.csproj" Type="Classic C#">
  </Project>
  <Project Path="AiDevs3\AiDevs3.csproj" Type="Classic C#">
  </Project>
  <Project Path="AiDevs4\src\AiDevs4.csproj" Type="Classic C#">
  </Project>
  <Project Path="AiDevs4\aspire\AiDevs4Aspire.csproj" Type="Classic C#">
  </Project>
</Solution>